
Microsoft Visual Studio Solution File, Format Version 12.00
# Visual Studio 15
VisualStudioVersion = 15.0.28307.705
MinimumVisualStudioVersion = 10.0.40219.1
Project("{FAE04EC0-301F-11D3-BF4B-00C04F79EFBC}") = "VehicleUtilityTool.Android", "VehicleUtilityTool\VehicleUtilityTool.Android\VehicleUtilityTool.Android.csproj", "{24CE3C36-16B9-426D-AA0C-5961ECF8D88C}"
EndProject
Project("{FAE04EC0-301F-11D3-BF4B-00C04F79EFBC}") = "VehicleUtilityTool.iOS", "VehicleUtilityTool\VehicleUtilityTool.iOS\VehicleUtilityTool.iOS.csproj", "{455F29FA-B7D3-4897-AA9F-FB8E2519170C}"
EndProject
Project("{FAE04EC0-301F-11D3-BF4B-00C04F79EFBC}") = "VehicleUtilityTool", "VehicleUtilityTool\VehicleUtilityTool\VehicleUtilityTool.csproj", "{998837AA-842B-4D58-A2D7-6026603A4A81}"
EndProject
Global
	GlobalSection(SolutionConfigurationPlatforms) = preSolution
		Debug|Any CPU = Debug|Any CPU
		Debug|iPhone = Debug|iPhone
		Debug|iPhoneSimulator = Debug|iPhoneSimulator
		Release|Any CPU = Release|Any CPU
		Release|iPhone = Release|iPhone
		Release|iPhoneSimulator = Release|iPhoneSimulator
	EndGlobalSection
	GlobalSection(ProjectConfigurationPlatforms) = postSolution
		{24CE3C36-16B9-426D-AA0C-5961ECF8D88C}.Debug|Any CPU.ActiveCfg = Debug|Any CPU
		{24CE3C36-16B9-426D-AA0C-5961ECF8D88C}.Debug|Any CPU.Build.0 = Debug|Any CPU
		{24CE3C36-16B9-426D-AA0C-5961ECF8D88C}.Debug|Any CPU.Deploy.0 = Debug|Any CPU
		{24CE3C36-16B9-426D-AA0C-5961ECF8D88C}.Debug|iPhone.ActiveCfg = Debug|Any CPU
		{24CE3C36-16B9-426D-AA0C-5961ECF8D88C}.Debug|iPhone.Build.0 = Debug|Any CPU
		{24CE3C36-16B9-426D-AA0C-5961ECF8D88C}.Debug|iPhone.Deploy.0 = Debug|Any CPU
		{24CE3C36-16B9-426D-AA0C-5961ECF8D88C}.Debug|iPhoneSimulator.ActiveCfg = Debug|Any CPU
		{24CE3C36-16B9-426D-AA0C-5961ECF8D88C}.Debug|iPhoneSimulator.Build.0 = Debug|Any CPU
		{24CE3C36-16B9-426D-AA0C-5961ECF8D88C}.Debug|iPhoneSimulator.Deploy.0 = Debug|Any CPU
		{24CE3C36-16B9-426D-AA0C-5961ECF8D88C}.Release|Any CPU.ActiveCfg = Release|Any CPU
		{24CE3C36-16B9-426D-AA0C-5961ECF8D88C}.Release|Any CPU.Build.0 = Release|Any CPU
		{24CE3C36-16B9-426D-AA0C-5961ECF8D88C}.Release|Any CPU.Deploy.0 = Release|Any CPU
		{24CE3C36-16B9-426D-AA0C-5961ECF8D88C}.Release|iPhone.ActiveCfg = Release|Any CPU
		{24CE3C36-16B9-426D-AA0C-5961ECF8D88C}.Release|iPhone.Build.0 = Release|Any CPU
		{24CE3C36-16B9-426D-AA0C-5961ECF8D88C}.Release|iPhone.Deploy.0 = Release|Any CPU
		{24CE3C36-16B9-426D-AA0C-5961ECF8D88C}.Release|iPhoneSimulator.ActiveCfg = Release|Any CPU
		{24CE3C36-16B9-426D-AA0C-5961ECF8D88C}.Release|iPhoneSimulator.Build.0 = Release|Any CPU
		{24CE3C36-16B9-426D-AA0C-5961ECF8D88C}.Release|iPhoneSimulator.Deploy.0 = Release|Any CPU
		{455F29FA-B7D3-4897-AA9F-FB8E2519170C}.Debug|Any CPU.ActiveCfg = Debug|iPhoneSimulator
		{455F29FA-B7D3-4897-AA9F-FB8E2519170C}.Debug|Any CPU.Build.0 = Debug|iPhoneSimulator
		{455F29FA-B7D3-4897-AA9F-FB8E2519170C}.Debug|Any CPU.Deploy.0 = Debug|iPhoneSimulator
		{455F29FA-B7D3-4897-AA9F-FB8E2519170C}.Debug|iPhone.ActiveCfg = Debug|iPhone
		{455F29FA-B7D3-4897-AA9F-FB8E2519170C}.Debug|iPhone.Build.0 = Debug|iPhone
		{455F29FA-B7D3-4897-AA9F-FB8E2519170C}.Debug|iPhone.Deploy.0 = Debug|iPhone
		{455F29FA-B7D3-4897-AA9F-FB8E2519170C}.Debug|iPhoneSimulator.ActiveCfg = Debug|iPhoneSimulator
		{455F29FA-B7D3-4897-AA9F-FB8E2519170C}.Debug|iPhoneSimulator.Build.0 = Debug|iPhoneSimulator
		{455F29FA-B7D3-4897-AA9F-FB8E2519170C}.Debug|iPhoneSimulator.Deploy.0 = Debug|iPhoneSimulator
		{455F29FA-B7D3-4897-AA9F-FB8E2519170C}.Release|Any CPU.ActiveCfg = Release|iPhone
		{455F29FA-B7D3-4897-AA9F-FB8E2519170C}.Release|Any CPU.Build.0 = Release|iPhone
		{455F29FA-B7D3-4897-AA9F-FB8E2519170C}.Release|Any CPU.Deploy.0 = Release|iPhone
		{455F29FA-B7D3-4897-AA9F-FB8E2519170C}.Release|iPhone.ActiveCfg = Release|iPhone
		{455F29FA-B7D3-4897-AA9F-FB8E2519170C}.Release|iPhone.Build.0 = Release|iPhone
		{455F29FA-B7D3-4897-AA9F-FB8E2519170C}.Release|iPhone.Deploy.0 = Release|iPhone
		{455F29FA-B7D3-4897-AA9F-FB8E2519170C}.Release|iPhoneSimulator.ActiveCfg = Release|iPhoneSimulator
		{455F29FA-B7D3-4897-AA9F-FB8E2519170C}.Release|iPhoneSimulator.Build.0 = Release|iPhoneSimulator
		{455F29FA-B7D3-4897-AA9F-FB8E2519170C}.Release|iPhoneSimulator.Deploy.0 = Release|iPhoneSimulator
		{998837AA-842B-4D58-A2D7-6026603A4A81}.Debug|Any CPU.ActiveCfg = Debug|Any CPU
		{998837AA-842B-4D58-A2D7-6026603A4A81}.Debug|Any CPU.Build.0 = Debug|Any CPU
		{998837AA-842B-4D58-A2D7-6026603A4A81}.Debug|Any CPU.Deploy.0 = Debug|Any CPU
		{998837AA-842B-4D58-A2D7-6026603A4A81}.Debug|iPhone.ActiveCfg = Debug|Any CPU
		{998837AA-842B-4D58-A2D7-6026603A4A81}.Debug|iPhone.Build.0 = Debug|Any CPU
		{998837AA-842B-4D58-A2D7-6026603A4A81}.Debug|iPhone.Deploy.0 = Debug|Any CPU
		{998837AA-842B-4D58-A2D7-6026603A4A81}.Debug|iPhoneSimulator.ActiveCfg = Debug|Any CPU
		{998837AA-842B-4D58-A2D7-6026603A4A81}.Debug|iPhoneSimulator.Build.0 = Debug|Any CPU
		{998837AA-842B-4D58-A2D7-6026603A4A81}.Debug|iPhoneSimulator.Deploy.0 = Debug|Any CPU
		{998837AA-842B-4D58-A2D7-6026603A4A81}.Release|Any CPU.ActiveCfg = Release|Any CPU
		{998837AA-842B-4D58-A2D7-6026603A4A81}.Release|Any CPU.Build.0 = Release|Any CPU
		{998837AA-842B-4D58-A2D7-6026603A4A81}.Release|Any CPU.Deploy.0 = Release|Any CPU
		{998837AA-842B-4D58-A2D7-6026603A4A81}.Release|iPhone.ActiveCfg = Release|Any CPU
		{998837AA-842B-4D58-A2D7-6026603A4A81}.Release|iPhone.Build.0 = Release|Any CPU
		{998837AA-842B-4D58-A2D7-6026603A4A81}.Release|iPhone.Deploy.0 = Release|Any CPU
		{998837AA-842B-4D58-A2D7-6026603A4A81}.Release|iPhoneSimulator.ActiveCfg = Release|Any CPU
		{998837AA-842B-4D58-A2D7-6026603A4A81}.Release|iPhoneSimulator.Build.0 = Release|Any CPU
		{998837AA-842B-4D58-A2D7-6026603A4A81}.Release|iPhoneSimulator.Deploy.0 = Release|Any CPU
	EndGlobalSection
	GlobalSection(SolutionProperties) = preSolution
		HideSolutionNode = FALSE
	EndGlobalSection
	GlobalSection(ExtensibilityGlobals) = postSolution
		SolutionGuid = {F779D74A-4195-4748-980A-EBACCE3E3279}
	EndGlobalSection
EndGlobal
